
Microsoft Visual Studio Solution File, Format Version 12.00
Project("{FAE04EC0-301F-11D3-BF4B-00C04F79EFBC}") = "DriveSafe.Users", "DriveSafe.Users\DriveSafe.Users.csproj", "{DD97159B-1585-41D2-AAD1-709C3971B06F}"
EndProject
Project("{FAE04EC0-301F-11D3-BF4B-00C04F79EFBC}") = "DriveSafe.Vehicles", "DriveSafe.Vehicles\DriveSafe.Vehicles.csproj", "{184B3B70-A9B8-4295-8362-FABE264A7CAD}"
EndProject
Project("{FAE04EC0-301F-11D3-BF4B-00C04F79EFBC}") = "DriveSafe.Rentals", "DriveSafe.Rentals\DriveSafe.Rentals.csproj", "{FA28349B-1533-464B-AA34-845905C34953}"
EndProject
Project("{FAE04EC0-301F-11D3-BF4B-00C04F79EFBC}") = "DriveSafe.Payments", "DriveSafe.Payments\DriveSafe.Payments.csproj", "{5C238C50-D991-413B-B421-90B09FB31823}"
EndProject
Project("{FAE04EC0-301F-11D3-BF4B-00C04F79EFBC}") = "DriveSafe.Common", "DriveSafe.Common\DriveSafe.Common.csproj", "{F3C24D37-2C39-40D1-8ED0-9800643B9C64}"
EndProject
Project("{FAE04EC0-301F-11D3-BF4B-00C04F79EFBC}") = "DriveSafe.ApiGateway", "DriveSafe.ApiGateway\DriveSafe.ApiGateway.csproj", "{ED12662C-461F-4731-87D4-67B201932E61}"
EndProject
Global
	GlobalSection(SolutionConfigurationPlatforms) = preSolution
		Debug|Any CPU = Debug|Any CPU
		Release|Any CPU = Release|Any CPU
	EndGlobalSection
	GlobalSection(ProjectConfigurationPlatforms) = postSolution
		{DD97159B-1585-41D2-AAD1-709C3971B06F}.Debug|Any CPU.ActiveCfg = Debug|Any CPU
		{DD97159B-1585-41D2-AAD1-709C3971B06F}.Debug|Any CPU.Build.0 = Debug|Any CPU
		{DD97159B-1585-41D2-AAD1-709C3971B06F}.Release|Any CPU.ActiveCfg = Release|Any CPU
		{DD97159B-1585-41D2-AAD1-709C3971B06F}.Release|Any CPU.Build.0 = Release|Any CPU
		{184B3B70-A9B8-4295-8362-FABE264A7CAD}.Debug|Any CPU.ActiveCfg = Debug|Any CPU
		{184B3B70-A9B8-4295-8362-FABE264A7CAD}.Debug|Any CPU.Build.0 = Debug|Any CPU
		{184B3B70-A9B8-4295-8362-FABE264A7CAD}.Release|Any CPU.ActiveCfg = Release|Any CPU
		{184B3B70-A9B8-4295-8362-FABE264A7CAD}.Release|Any CPU.Build.0 = Release|Any CPU
		{FA28349B-1533-464B-AA34-845905C34953}.Debug|Any CPU.ActiveCfg = Debug|Any CPU
		{FA28349B-1533-464B-AA34-845905C34953}.Debug|Any CPU.Build.0 = Debug|Any CPU
		{FA28349B-1533-464B-AA34-845905C34953}.Release|Any CPU.ActiveCfg = Release|Any CPU
		{FA28349B-1533-464B-AA34-845905C34953}.Release|Any CPU.Build.0 = Release|Any CPU
		{5C238C50-D991-413B-B421-90B09FB31823}.Debug|Any CPU.ActiveCfg = Debug|Any CPU
		{5C238C50-D991-413B-B421-90B09FB31823}.Debug|Any CPU.Build.0 = Debug|Any CPU
		{5C238C50-D991-413B-B421-90B09FB31823}.Release|Any CPU.ActiveCfg = Release|Any CPU
		{5C238C50-D991-413B-B421-90B09FB31823}.Release|Any CPU.Build.0 = Release|Any CPU
		{F3C24D37-2C39-40D1-8ED0-9800643B9C64}.Debug|Any CPU.ActiveCfg = Debug|Any CPU
		{F3C24D37-2C39-40D1-8ED0-9800643B9C64}.Debug|Any CPU.Build.0 = Debug|Any CPU
		{F3C24D37-2C39-40D1-8ED0-9800643B9C64}.Release|Any CPU.ActiveCfg = Release|Any CPU
		{F3C24D37-2C39-40D1-8ED0-9800643B9C64}.Release|Any CPU.Build.0 = Release|Any CPU
		{ED12662C-461F-4731-87D4-67B201932E61}.Debug|Any CPU.ActiveCfg = Debug|Any CPU
		{ED12662C-461F-4731-87D4-67B201932E61}.Debug|Any CPU.Build.0 = Debug|Any CPU
		{ED12662C-461F-4731-87D4-67B201932E61}.Release|Any CPU.ActiveCfg = Release|Any CPU
		{ED12662C-461F-4731-87D4-67B201932E61}.Release|Any CPU.Build.0 = Release|Any CPU
	EndGlobalSection
EndGlobal
